<Solution>
  <Folder Name="/Task0/">
    <Project Path="Tyuiu.KibakNA.Sprint0.Task0.V0/Tyuiu.KibakNA.Sprint0.Task0.V0.csproj" Id="3b3d9368-fd6a-451b-a51d-c169ac51c492" />
  </Folder>
  <Folder Name="/Task1/">
    <Project Path="Tyuiu.KibakNA.Sprint0.Task1.V0/Tyuiu.KibakNA.Sprint0.Task1.V0.csproj" Id="efcf1aa2-7455-41bd-b6f2-6584cf5a22cd" />
  </Folder>
  <Folder Name="/Task2/">
    <Project Path="Tyuiu.KibakNA.Sprint0.Task2.V0.Lib/Tyuiu.KibakNA.Sprint0.Task2.V0.Lib.csproj" Id="99ab6b45-44d3-451b-9217-6e77169d56e1" />
    <Project Path="Tyuiu.KibakNA.Sprint0.Task2.V0.Test/Tyuiu.KibakNA.Sprint0.Task2.V0.Test.csproj" Id="9a328d41-abae-4388-a23d-d3b25ee7f144" />
    <Project Path="Tyuiu.KibakNA.Sprint0.Task2.V0/Tyuiu.KibakNA.Sprint0.Task2.V0.csproj" Id="5ac2a309-a61f-4844-a84c-d5ecdc8f9ed4" />
  </Folder>
  <Folder Name="/Task3/">
    <Project Path="Tyuiu.KIbakNA.Sprint0.Task3.V0.Lib/Tyuiu.KIbakNA.Sprint0.Task3.V0.Lib.csproj" Id="0212bd96-23d4-4435-85ed-67067cfd682f" />
    <Project Path="Tyuiu.KIbakNA.Sprint0.Task3.V0.Test/Tyuiu.KIbakNA.Sprint0.Task3.V0.Test.csproj" Id="ffcec95c-94ed-424f-a830-3286fed66eb2" />
    <Project Path="Tyuiu.KIbakNA.Sprint0.Task3.V0/Tyuiu.KIbakNA.Sprint0.Task3.V0.csproj" Id="43ab1de9-ed07-4835-bf77-7bb89e323d3d" />
  </Folder>
  <Folder Name="/Task4/">
    <Project Path="Tyuiu.KibakNA.Sprint0.Task4.V0.Lib/Tyuiu.KibakNA.Sprint0.Task4.V0.Lib.csproj" Id="32d13661-4f4c-4316-a0c0-9f6f07bac3f0" />
    <Project Path="Tyuiu.KibakNA.Sprint0.Task4.V0.Test/Tyuiu.KibakNA.Sprint0.Task4.V0.Test.csproj" Id="3e35e7ec-776f-4f55-82ca-a80b4b1adba3" />
    <Project Path="Tyuiu.KibakNA.Sprint0.Task4.V0/Tyuiu.KibakNA.Sprint0.Task4.V0.csproj" Id="f4e11d2e-6c05-4177-ae7e-db8efb917897" />
  </Folder>
  <Folder Name="/Task5/">
    <Project Path="Tyuiu.KibakNA.Sprint0.Task5.V0.Lib/Tyuiu.KibakNA.Sprint0.Task5.V0.Lib.csproj" Id="ebc3c906-0203-47e6-aa1f-210eb231db64" />
    <Project Path="Tyuiu.KibakNA.Sprint0.Task5.V0.Test/Tyuiu.KibakNA.Sprint0.Task5.V0.Test.csproj" Id="e47c655e-4e1a-46c7-bf48-606dc497167d" />
    <Project Path="Tyuiu.KibakNA.Sprint0.Task5.V0/Tyuiu.KibakNA.Sprint0.Task5.V0.csproj" Id="1a95f5e7-5245-4595-9fbb-6746cd0b716e" />
  </Folder>
  <Folder Name="/Task6/">
    <Project Path="Tyuiu.KibakNA.Sprint0.Task6.V0.Lib/Tyuiu.KibakNA.Sprint0.Task6.V0.Lib.csproj" Id="2789425c-1a7e-41dc-ad0c-c8a05c1fbf5f" />
    <Project Path="Tyuiu.KibakNA.Sprint0.Task6.V0.Test/Tyuiu.KibakNA.Sprint0.Task6.V0.Test.csproj" Id="a73fc150-635c-4acf-b2d2-d0ed7ad8fc7a" />
    <Project Path="Tyuiu.KibakNA.Sprint0.Task6.V0/Tyuiu.KibakNA.Sprint0.Task6.V0.csproj" Id="225c6929-80a3-4671-89ac-3bdf4b0ee167" />
  </Folder>
  <Folder Name="/Task7/">
    <Project Path="Tyuiu.KibakNA.Sprint0.Task7.V0.Lib/Tyuiu.KibakNA.Sprint0.Task7.V0.Lib.csproj" Id="e6264d3c-ed1d-443d-a182-873890b20953" />
    <Project Path="Tyuiu.KibakNA.Sprint0.Task7.V0.Test/Tyuiu.KibakNA.Sprint0.Task7.V0.Test.csproj" Id="dd10c8e4-2235-4738-8ce5-4b16ddab4d67" />
    <Project Path="Tyuiu.KibakNA.Sprint0.Task7.V0/Tyuiu.KibakNA.Sprint0.Task7.V0.csproj" Id="a8f0f700-45cd-4f4f-b6c4-66fe021f792d" />
  </Folder>
</Solution>
